<?xml version="1.0" encoding="utf-8"?>
<Project ToolsVersion="4.0" xmlns="http://schemas.microsoft.com/developer/msbuild/2003">
  <ItemGroup>
    <Filter Include="源文件">
      <UniqueIdentifier>{4FC737F1-C7A5-4376-A066-2A32D752A2FF}</UniqueIdentifier>
      <Extensions>cpp;c;cc;cxx;def;odl;idl;hpj;bat;asm;asmx</Extensions>
    </Filter>
    <Filter Include="头文件">
      <UniqueIdentifier>{93995380-89BD-4b04-88EB-625FBE52EBFB}</UniqueIdentifier>
      <Extensions>h;hh;hpp;hxx;hm;inl;inc;ipp;xsd</Extensions>
    </Filter>
    <Filter Include="资源文件">
      <UniqueIdentifier>{67DA6AB6-F800-4c08-8B7A-83BB121AAD01}</UniqueIdentifier>
      <Extensions>rc;ico;cur;bmp;dlg;rc2;rct;bin;rgs;gif;jpg;jpeg;jpe;resx;tiff;tif;png;wav;mfcribbon-ms</Extensions>
    </Filter>
    <Filter Include="core">
      <UniqueIdentifier>{e3f101b9-f46a-4777-8623-134fe7cd7fea}</UniqueIdentifier>
    </Filter>
    <Filter Include="ext">
      <UniqueIdentifier>{6d5f0d30-8d89-4005-9f8b-8cdd91a4a342}</UniqueIdentifier>
    </Filter>
  </ItemGroup>
  <ItemGroup>
    <ClCompile Include="RayTracing.cpp">
      <Filter>源文件</Filter>
    </ClCompile>
    <ClCompile Include="include\core\shape.cpp">
      <Filter>core</Filter>
    </ClCompile>
    <ClCompile Include="include\core\transform.cpp">
      <Filter>core</Filter>
    </ClCompile>
    <ClCompile Include="include\core\sphere.cpp">
      <Filter>core</Filter>
    </ClCompile>
    <ClCompile Include="include\core\bvh.cpp">
      <Filter>core</Filter>
    </ClCompile>
    <ClCompile Include="include\core\primitive.cpp">
      <Filter>core</Filter>
    </ClCompile>
    <ClCompile Include="include\core\triangle.cpp">
      <Filter>core</Filter>
    </ClCompile>
    <ClCompile Include="include\core\camera.cpp">
      <Filter>core</Filter>
    </ClCompile>
    <ClCompile Include="include\core\sampler.cpp">
      <Filter>core</Filter>
    </ClCompile>
    <ClCompile Include="include\core\stratified.cpp">
      <Filter>core</Filter>
    </ClCompile>
    <ClCompile Include="include\core\sampling.cpp">
      <Filter>core</Filter>
    </ClCompile>
    <ClCompile Include="include\core\scene.cpp">
      <Filter>core</Filter>
    </ClCompile>
    <ClCompile Include="include\core\integrator.cpp">
      <Filter>core</Filter>
    </ClCompile>
    <ClCompile Include="include\core\reflection.cpp">
      <Filter>core</Filter>
    </ClCompile>
    <ClCompile Include="include\core\interaction.cpp">
      <Filter>core</Filter>
    </ClCompile>
    <ClCompile Include="include\core\material.cpp">
      <Filter>core</Filter>
    </ClCompile>
    <ClCompile Include="include\core\light.cpp">
      <Filter>core</Filter>
    </ClCompile>
    <ClCompile Include="include\core\lightdistrib.cpp">
      <Filter>core</Filter>
    </ClCompile>
    <ClCompile Include="include\core\modelload.cpp">
      <Filter>core</Filter>
    </ClCompile>
    <ClCompile Include="include\core\texture.cpp">
      <Filter>core</Filter>
    </ClCompile>
    <ClCompile Include="include\core\imageio.cpp">
      <Filter>core</Filter>
    </ClCompile>
    <ClCompile Include="include\ext\lodepng.cpp">
      <Filter>ext</Filter>
    </ClCompile>
    <ClCompile Include="include\core\imagemap.cpp">
      <Filter>core</Filter>
    </ClCompile>
    <ClCompile Include="include\core\microfacet.cpp">
      <Filter>core</Filter>
    </ClCompile>
  </ItemGroup>
  <ItemGroup>
    <ClInclude Include="include\rtweekend.h">
      <Filter>头文件</Filter>
    </ClInclude>
    <ClInclude Include="include\rtw_stb_image.h">
      <Filter>头文件</Filter>
    </ClInclude>
    <ClInclude Include="include\core\pbrt.h">
      <Filter>core</Filter>
    </ClInclude>
    <ClInclude Include="include\core\error.h">
      <Filter>core</Filter>
    </ClInclude>
    <ClInclude Include="include\core\geometry.h">
      <Filter>core</Filter>
    </ClInclude>
    <ClInclude Include="include\core\interaction.h">
      <Filter>core</Filter>
    </ClInclude>
    <ClInclude Include="include\core\transform.h">
      <Filter>core</Filter>
    </ClInclude>
    <ClInclude Include="include\core\primitive.h">
      <Filter>core</Filter>
    </ClInclude>
    <ClInclude Include="include\core\shape.h">
      <Filter>core</Filter>
    </ClInclude>
    <ClInclude Include="include\core\bvh.h">
      <Filter>core</Filter>
    </ClInclude>
    <ClInclude Include="include\core\sphere.h">
      <Filter>core</Filter>
    </ClInclude>
    <ClInclude Include="include\core\triangle.h">
      <Filter>core</Filter>
    </ClInclude>
    <ClInclude Include="include\core\camera.h">
      <Filter>core</Filter>
    </ClInclude>
    <ClInclude Include="include\core\objload.h">
      <Filter>core</Filter>
    </ClInclude>
    <ClInclude Include="include\core\sampling.h">
      <Filter>core</Filter>
    </ClInclude>
    <ClInclude Include="include\core\sampler.h">
      <Filter>core</Filter>
    </ClInclude>
    <ClInclude Include="include\core\rng.h">
      <Filter>core</Filter>
    </ClInclude>
    <ClInclude Include="include\core\stratified.h">
      <Filter>core</Filter>
    </ClInclude>
    <ClInclude Include="include\core\scene.h">
      <Filter>core</Filter>
    </ClInclude>
    <ClInclude Include="include\core\integrator.h">
      <Filter>core</Filter>
    </ClInclude>
    <ClInclude Include="include\core\texture.h">
      <Filter>core</Filter>
    </ClInclude>
    <ClInclude Include="include\core\material.h">
      <Filter>core</Filter>
    </ClInclude>
    <ClInclude Include="include\core\reflection.h">
      <Filter>core</Filter>
    </ClInclude>
    <ClInclude Include="include\core\spectrum.h">
      <Filter>core</Filter>
    </ClInclude>
    <ClInclude Include="include\core\light.h">
      <Filter>core</Filter>
    </ClInclude>
    <ClInclude Include="include\core\stringprint.h">
      <Filter>core</Filter>
    </ClInclude>
    <ClInclude Include="include\core\lightdistrib.h">
      <Filter>core</Filter>
    </ClInclude>
    <ClInclude Include="include\core\modelload.h">
      <Filter>core</Filter>
    </ClInclude>
    <ClInclude Include="include\core\mipmap.h">
      <Filter>core</Filter>
    </ClInclude>
    <ClInclude Include="include\core\imagemap.h">
      <Filter>core</Filter>
    </ClInclude>
    <ClInclude Include="include\core\imageio.h">
      <Filter>core</Filter>
    </ClInclude>
    <ClInclude Include="include\ext\lodepng.h">
      <Filter>ext</Filter>
    </ClInclude>
    <ClInclude Include="include\core\microfacet.h">
      <Filter>core</Filter>
    </ClInclude>
  </ItemGroup>
  <ItemGroup>
    <None Include="ClassDiagram2.cd" />
  </ItemGroup>
</Project>